Microsoft Visual Studio Solution File, Format Version 12.00
# Visual Studio Version 16
VisualStudioVersion = 16.0.29102.190
MinimumVisualStudioVersion = 10.0.40219.1
Project("{9A19103F-16F7-4668-BE54-9A1E7A4F7556}") = "WebApi", "src\WebApi\WebApi.csproj", "{A9B7C86C-3C29-44BC-92E0-D6043535E735}"
EndProject
Project("{2150E333-8FDC-42A3-9474-1A3956D46DE8}") = "src", "src", "{D839EE7A-1457-45DD-9D70-BE054C9FB673}"
EndProject
Global
	GlobalSection(SolutionConfigurationPlatforms) = preSolution
		Debug|Any CPU = Debug|Any CPU
		Release|Any CPU = Release|Any CPU
	EndGlobalSection
	GlobalSection(ProjectConfigurationPlatforms) = postSolution
		{A9B7C86C-3C29-44BC-92E0-D6043535E735}.Debug|Any CPU.ActiveCfg = Debug|Any CPU
		{A9B7C86C-3C29-44BC-92E0-D6043535E735}.Debug|Any CPU.Build.0 = Debug|Any CPU
		{A9B7C86C-3C29-44BC-92E0-D6043535E735}.Release|Any CPU.ActiveCfg = Release|Any CPU
		{A9B7C86C-3C29-44BC-92E0-D6043535E735}.Release|Any CPU.Build.0 = Release|Any CPU
	EndGlobalSection
	GlobalSection(SolutionProperties) = preSolution
		HideSolutionNode = FALSE
	EndGlobalSection
	GlobalSection(NestedProjects) = preSolution
		{A9B7C86C-3C29-44BC-92E0-D6043535E735} = {D839EE7A-1457-45DD-9D70-BE054C9FB673}
	EndGlobalSection
	GlobalSection(ExtensibilityGlobals) = postSolution
		SolutionGuid = {C11A4F28-A2F4-4C9C-B4E9-9AFBD2AFBEB5}
	EndGlobalSection
EndGlobal
